
Microsoft Visual Studio Solution File, Format Version 12.00
# Visual Studio Version 16
VisualStudioVersion = 16.0.29911.84
MinimumVisualStudioVersion = 10.0.40219.1
Project("{FAE04EC0-301F-11D3-BF4B-00C04F79EFBC}") = "FlightMobileWeb", "FlightMobileWeb\FlightMobileWeb.csproj", "{AAC3F246-C242-473C-B29C-6C752004F69D}"
EndProject
Global
	GlobalSection(SolutionConfigurationPlatforms) = preSolution
		Debug|Any CPU = Debug|Any CPU
		Release|Any CPU = Release|Any CPU
	EndGlobalSection
	GlobalSection(ProjectConfigurationPlatforms) = postSolution
		{AAC3F246-C242-473C-B29C-6C752004F69D}.Debug|Any CPU.ActiveCfg = Debug|Any CPU
		{AAC3F246-C242-473C-B29C-6C752004F69D}.Debug|Any CPU.Build.0 = Debug|Any CPU
		{AAC3F246-C242-473C-B29C-6C752004F69D}.Release|Any CPU.ActiveCfg = Release|Any CPU
		{AAC3F246-C242-473C-B29C-6C752004F69D}.Release|Any CPU.Build.0 = Release|Any CPU
	EndGlobalSection
	GlobalSection(SolutionProperties) = preSolution
		HideSolutionNode = FALSE
	EndGlobalSection
	GlobalSection(ExtensibilityGlobals) = postSolution
		SolutionGuid = {5B66056D-71FB-4F44-B2B2-28B5529254D7}
	EndGlobalSection
EndGlobal
